{
    "_meta": {
        "hash": {
            "sha256": "6aad18d1c21e84e9beb2309e6c2c34103f1df3215524d792f52eeb90af115559"
        },
        "pipfile-spec": 6,
        "requires": {
            "python_version": "3.10"
        },
        "sources": [
            {
                "name": "pypi",
                "url": "https://pypi.org/simple",
                "verify_ssl": true
            }
        ]
    },
    "default": {
        "apscheduler": {
            "hashes": [
                "sha256:3bb5229eed6fbbdafc13ce962712ae66e175aa214c69bed35a06bffcf0c5e244",
                "sha256:e8b1ecdb4c7cb2818913f766d5898183c7cb8936680710a4d3a966e02262e526"
            ],
            "version": "==3.6.3"
        },
        "cachetools": {
            "hashes": [
                "sha256:2cc0b89715337ab6dbba85b5b50effe2b0c74e035d83ee8ed637cf52f12ae001",
                "sha256:61b5ed1e22a0924aed1d23b478f37e8d52549ff8a961de2909c69bf950020cff"
            ],
            "markers": "python_version ~= '3.5'",
            "version": "==4.2.2"
        },
        "certifi": {
            "hashes": [
                "sha256:0d9c601124e5a6ba9712dbc60d9c53c21e34f5f641fe83002317394311bdce14",
                "sha256:90c1a32f1d68f940488354e36370f6cca89f0f106db09518524c88d6ed83f382"
            ],
            "markers": "python_version >= '3.6'",
            "version": "==2022.9.24"
        },
        "dependency-injector": {
            "hashes": [
                "sha256:1538204baac86285c3a8d13add1a1cdb98542df95bbfc5393b1e0a85ffdf25c5",
                "sha256:1fd8b34214d86c26c8e3d397552f99cb6479d7f1973fb94cbad0c03f5b854701",
                "sha256:25b6a227f047afda50c187189d7e9757bad1d7fc25874684874a4374b2340fbf",
                "sha256:3c7faacb6cad7950ea140ce2b9a02c2dc830e6e93c8bdbbb3cc3a4f6ffd83737",
                "sha256:4f925bccdcbcfb19a5a7f0c16159eaf44fb9ed40d84c2e321febee587c9964dd",
                "sha256:5a0df52eacf8c1085d8509f62f1ff44eb13f326557da2570f2f5bf7015d43f95",
                "sha256:628b8b70620f73f4d9dc8dcea827797b1d4bf8aaf76e76fbc9d97d9ed4b7035b",
                "sha256:62b0434f23652fa6633c33e8543a16a9a5430b0bb4a40016c74369a2f94393bb",
                "sha256:6ec48de79c2b1e1e1685a5a639950580eee67b536bd83313bb19eaead01ea344",
                "sha256:8116120099912d3427ff7dc9a281ba9ddbb4fd2c48663712075c8900ab57a742",
                "sha256:82effefc5c4621a257a3a63e35eb5ff1e05b897e1d20731aacd065abbf2bb6e1",
                "sha256:852f2ae9b8842d849d4773c8e16cdc37a5ffcbe4b2f5d75b78ce26d0ff6d98e2",
                "sha256:8af184cfe77c0338262bad4d8efb2bd3db08ea3a8825028ba01d8cb9248d109d",
                "sha256:8f18a50f2716df9078a91d588ac9b1a88f6e01a57e438e691280ebc566ecfcd4",
                "sha256:a1d43d3f9c7aa03e30ee71ae81a314c08836a6f2dabc38ae256e524faf31ad16",
                "sha256:a73bc8a8ca07b30b5e5e8de9773fcb9fd3391b589df6416f0961e8bfc54d486c",
                "sha256:ab9253032af3f3c9512a84dee0abfdc2068ba2734afeba713743d98e1a1f6276",
                "sha256:b0ef567ebc16b7b0cc0ec37acde94836934db2f6fbfdbbd4238362099233d50b",
                "sha256:b692be694dbb9e5231468f1e67bdc60df4a3c00ce4dd313571f58056f2d7d976",
                "sha256:b718a1b975be30da993a10b51ad80b925f5425f990d6f7643accb6f32182a47d",
                "sha256:b91f369c01f73c4a70dd2a79ee34387daec68535c9535310a32aa67b867f7df9",
                "sha256:bb73c1119583477805bb4561e9624e62742259f415deaeb09a458bc42bde01b9",
                "sha256:be69661dd7f0a892776986c870b24a03023d3bea9c822e3bbb03c49c72e84c9e",
                "sha256:c269a82176e93dd7492cc57c2e260450f2c1c780ff7a689657dc7e3d64b09090",
                "sha256:c28b85cac61994ebd28c1c67eaf2efe471ab2f4eb18469fde44b19bc9a6f0d11",
                "sha256:c3060477952474917803acb3c9bc52922cbe96fa086439b9ccc9862bc47f0f1d",
                "sha256:cca31ae1d48465f2404352c3d3fe55241a6b276a28c92721715c961e6a041463",
                "sha256:cf93024a4cddc9639cdda90e7289d8bc65db2bb4425e09b5f63958e78315f563",
                "sha256:d5e7793660cfd5dc247776e3a0b696bf783fa0b082b1a0759228a8f443cb528d",
                "sha256:d5ec5b70fcd50f738eb726acea2b6cbefb4a492eb06f63f76555f52aeb0d5e52",
                "sha256:e3c8b2af39db0b8f3baeffea30f773e432eee548363f2e80a78b710428e90e84",
                "sha256:e43e7cd467e3560572d3541e3d09c331d1f19647c31b8b51a47fcfcd7336e37d",
                "sha256:e657827b11d71ab715a67e2ae72eb48b879b817b78344612a07f14a0e38605d7",
                "sha256:e838b2b8a62af8b58b18c9f70830b374c45dc4bc260b1a21759619e15aed2148",
                "sha256:e9b35e5c23619c1fa18f6e21b1d3723f26bfbe3b2cd53a0fff2c7b491214e7bd",
                "sha256:f40684c54bb9ed68322fcfff6e5aaa3c21812cc613f5426a379c0b02a6ee86b3"
            ],
            "index": "pypi",
            "version": "==4.40.0"
        },
        "python-magic": {
            "hashes": [
                "sha256:c1ba14b08e4a5f5c31a302b7721239695b2f0f058d125bd5ce1ee36b9d9d3c3b",
                "sha256:c212960ad306f700aa0d01e5d7a325d20548ff97eb9920dcd29513174f0294d3"
            ],
            "index": "pypi",
            "version": "==0.4.27"
        },
        "python-telegram-bot": {
            "hashes": [
                "sha256:79abc66355af2310bbaaf7f41746230b996434e287f21f27070c92978dc0964f",
                "sha256:e9391d43eb1123de2677a9d24ea878a9d5327d65b2419afba653f476d26aecc3"
            ],
            "index": "pypi",
            "version": "==13.14"
        },
        "pytube": {
            "hashes": [
                "sha256:6de1f3a4cb125dd6ff912598c7e88a866325a63cc91755cae616f53c40ae5503",
                "sha256:c2e4b1ffdf9eca4c287f881557a6b4f98dd287ecfa06e2e5d5936d39c5f4d8da"
            ],
            "index": "pypi",
            "version": "==12.1.0"
        },
        "pytz": {
            "hashes": [
                "sha256:2c0784747071402c6e99f0bafdb7da0fa22645f06554c7ae06bf6358897e9c91",
                "sha256:48ce799d83b6f8aab2020e369b627446696619e79645419610b9facd909b3174"
            ],
            "version": "==2022.4"
        },
        "pytz-deprecation-shim": {
            "hashes": [
                "sha256:8314c9692a636c8eb3bda879b9f119e350e93223ae83e70e80c31675a0fdc1a6",
                "sha256:af097bae1b616dde5c5744441e2ddc69e74dfdcb0c263129610d85b87445a59d"
            ],
            "markers": "python_version >= '2.7' and python_version not in '3.0, 3.1, 3.2, 3.3, 3.4, 3.5'",
            "version": "==0.1.0.post0"
        },
        "ruamel.yaml": {
            "hashes": [
                "sha256:742b35d3d665023981bd6d16b3d24248ce5df75fdb4e2924e93a05c1f8b61ca7",
                "sha256:8b7ce697a2f212752a35c1ac414471dc16c424c9573be4926b56ff3f5d23b7af"
            ],
            "index": "pypi",
            "version": "==0.17.21"
        },
        "ruamel.yaml.clib": {
            "hashes": [
                "sha256:066f886bc90cc2ce44df8b5f7acfc6a7e2b2e672713f027136464492b0c34d7c",
                "sha256:0847201b767447fc33b9c235780d3aa90357d20dd6108b92be544427bea197dd",
                "sha256:1070ba9dd7f9370d0513d649420c3b362ac2d687fe78c6e888f5b12bf8bc7bee",
                "sha256:1866cf2c284a03b9524a5cc00daca56d80057c5ce3cdc86a52020f4c720856f0",
                "sha256:1b4139a6ffbca8ef60fdaf9b33dec05143ba746a6f0ae0f9d11d38239211d335",
                "sha256:210c8fcfeff90514b7133010bf14e3bad652c8efde6b20e00c43854bf94fa5a6",
                "sha256:221eca6f35076c6ae472a531afa1c223b9c29377e62936f61bc8e6e8bdc5f9e7",
                "sha256:31ea73e564a7b5fbbe8188ab8b334393e06d997914a4e184975348f204790277",
                "sha256:3fb9575a5acd13031c57a62cc7823e5d2ff8bc3835ba4d94b921b4e6ee664104",
                "sha256:4ff604ce439abb20794f05613c374759ce10e3595d1867764dd1ae675b85acbd",
                "sha256:61bc5e5ca632d95925907c569daa559ea194a4d16084ba86084be98ab1cec1c6",
                "sha256:6e7be2c5bcb297f5b82fee9c665eb2eb7001d1050deaba8471842979293a80b0",
                "sha256:72a2b8b2ff0a627496aad76f37a652bcef400fd861721744201ef1b45199ab78",
                "sha256:77df077d32921ad46f34816a9a16e6356d8100374579bc35e15bab5d4e9377de",
                "sha256:78988ed190206672da0f5d50c61afef8f67daa718d614377dcd5e3ed85ab4a99",
                "sha256:7b2927e92feb51d830f531de4ccb11b320255ee95e791022555971c466af4527",
                "sha256:7f7ecb53ae6848f959db6ae93bdff1740e651809780822270eab111500842a84",
                "sha256:825d5fccef6da42f3c8eccd4281af399f21c02b32d98e113dbc631ea6a6ecbc7",
                "sha256:846fc8336443106fe23f9b6d6b8c14a53d38cef9a375149d61f99d78782ea468",
                "sha256:89221ec6d6026f8ae859c09b9718799fea22c0e8da8b766b0b2c9a9ba2db326b",
                "sha256:9efef4aab5353387b07f6b22ace0867032b900d8e91674b5d8ea9150db5cae94",
                "sha256:a32f8d81ea0c6173ab1b3da956869114cae53ba1e9f72374032e33ba3118c233",
                "sha256:a49e0161897901d1ac9c4a79984b8410f450565bbad64dbfcbf76152743a0cdb",
                "sha256:ada3f400d9923a190ea8b59c8f60680c4ef8a4b0dfae134d2f2ff68429adfab5",
                "sha256:bf75d28fa071645c529b5474a550a44686821decebdd00e21127ef1fd566eabe",
                "sha256:cfdb9389d888c5b74af297e51ce357b800dd844898af9d4a547ffc143fa56751",
                "sha256:d3c620a54748a3d4cf0bcfe623e388407c8e85a4b06b8188e126302bcab93ea8",
                "sha256:d67f273097c368265a7b81e152e07fb90ed395df6e552b9fa858c6d2c9f42502",
                "sha256:dc6a613d6c74eef5a14a214d433d06291526145431c3b964f5e16529b1842bed",
                "sha256:de9c6b8a1ba52919ae919f3ae96abb72b994dd0350226e28f3686cb4f142165c"
            ],
            "markers": "python_version < '3.11' and platform_python_implementation == 'CPython'",
            "version": "==0.2.6"
        },
        "setuptools": {
            "hashes": [
                "sha256:1b6bdc6161661409c5f21508763dc63ab20a9ac2f8ba20029aaaa7fdb9118012",
                "sha256:3050e338e5871e70c72983072fe34f6032ae1cdeeeb67338199c2f74e083a80e"
            ],
            "markers": "python_version >= '3.7'",
            "version": "==65.4.1"
        },
        "six": {
            "hashes": [
                "sha256:1e61c37477a1626458e36f7b1d82aa5c9b094fa4802892072e49de9c60c4c926",
                "sha256:8abb2f1d86890a2dfb989f9a77cfcfd3e47c2a354b01111771326f8aa26e0254"
            ],
            "markers": "python_version >= '2.7' and python_version not in '3.0, 3.1, 3.2, 3.3'",
            "version": "==1.16.0"
        },
        "tornado": {
            "hashes": [
                "sha256:0a00ff4561e2929a2c37ce706cb8233b7907e0cdc22eab98888aca5dd3775feb",
                "sha256:0d321a39c36e5f2c4ff12b4ed58d41390460f798422c4504e09eb5678e09998c",
                "sha256:1e8225a1070cd8eec59a996c43229fe8f95689cb16e552d130b9793cb570a288",
                "sha256:20241b3cb4f425e971cb0a8e4ffc9b0a861530ae3c52f2b0434e6c1b57e9fd95",
                "sha256:25ad220258349a12ae87ede08a7b04aca51237721f63b1808d39bdb4b2164558",
                "sha256:33892118b165401f291070100d6d09359ca74addda679b60390b09f8ef325ffe",
                "sha256:33c6e81d7bd55b468d2e793517c909b139960b6c790a60b7991b9b6b76fb9791",
                "sha256:3447475585bae2e77ecb832fc0300c3695516a47d46cefa0528181a34c5b9d3d",
                "sha256:34ca2dac9e4d7afb0bed4677512e36a52f09caa6fded70b4e3e1c89dbd92c326",
                "sha256:3e63498f680547ed24d2c71e6497f24bca791aca2fe116dbc2bd0ac7f191691b",
                "sha256:548430be2740e327b3fe0201abe471f314741efcb0067ec4f2d7dcfb4825f3e4",
                "sha256:6196a5c39286cc37c024cd78834fb9345e464525d8991c21e908cc046d1cc02c",
                "sha256:61b32d06ae8a036a6607805e6720ef00a3c98207038444ba7fd3d169cd998910",
                "sha256:6286efab1ed6e74b7028327365cf7346b1d777d63ab30e21a0f4d5b275fc17d5",
                "sha256:65d98939f1a2e74b58839f8c4dab3b6b3c1ce84972ae712be02845e65391ac7c",
                "sha256:66324e4e1beede9ac79e60f88de548da58b1f8ab4b2f1354d8375774f997e6c0",
                "sha256:6c77c9937962577a6a76917845d06af6ab9197702a42e1346d8ae2e76b5e3675",
                "sha256:70dec29e8ac485dbf57481baee40781c63e381bebea080991893cd297742b8fd",
                "sha256:7250a3fa399f08ec9cb3f7b1b987955d17e044f1ade821b32e5f435130250d7f",
                "sha256:748290bf9112b581c525e6e6d3820621ff020ed95af6f17fedef416b27ed564c",
                "sha256:7da13da6f985aab7f6f28debab00c67ff9cbacd588e8477034c0652ac141feea",
                "sha256:8f959b26f2634a091bb42241c3ed8d3cedb506e7c27b8dd5c7b9f745318ddbb6",
                "sha256:9de9e5188a782be6b1ce866e8a51bc76a0fbaa0e16613823fc38e4fc2556ad05",
                "sha256:a48900ecea1cbb71b8c71c620dee15b62f85f7c14189bdeee54966fbd9a0c5bd",
                "sha256:b87936fd2c317b6ee08a5741ea06b9d11a6074ef4cc42e031bc6403f82a32575",
                "sha256:c77da1263aa361938476f04c4b6c8916001b90b2c2fdd92d8d535e1af48fba5a",
                "sha256:cb5ec8eead331e3bb4ce8066cf06d2dfef1bfb1b2a73082dfe8a161301b76e37",
                "sha256:cc0ee35043162abbf717b7df924597ade8e5395e7b66d18270116f8745ceb795",
                "sha256:d14d30e7f46a0476efb0deb5b61343b1526f73ebb5ed84f23dc794bdb88f9d9f",
                "sha256:d371e811d6b156d82aa5f9a4e08b58debf97c302a35714f6f45e35139c332e32",
                "sha256:d3d20ea5782ba63ed13bc2b8c291a053c8d807a8fa927d941bd718468f7b950c",
                "sha256:d3f7594930c423fd9f5d1a76bee85a2c36fd8b4b16921cae7e965f22575e9c01",
                "sha256:dcef026f608f678c118779cd6591c8af6e9b4155c44e0d1bc0c87c036fb8c8c4",
                "sha256:e0791ac58d91ac58f694d8d2957884df8e4e2f6687cdf367ef7eb7497f79eaa2",
                "sha256:e385b637ac3acaae8022e7e47dfa7b83d3620e432e3ecb9a3f7f58f150e50921",
                "sha256:e519d64089b0876c7b467274468709dadf11e41d65f63bba207e04217f47c085",
                "sha256:e7229e60ac41a1202444497ddde70a48d33909e484f96eb0da9baf8dc68541df",
                "sha256:ed3ad863b1b40cd1d4bd21e7498329ccaece75db5a5bf58cd3c9f130843e7102",
                "sha256:f0ba29bafd8e7e22920567ce0d232c26d4d47c8b5cf4ed7b562b5db39fa199c5",
                "sha256:fa2ba70284fa42c2a5ecb35e322e68823288a4251f9ba9cc77be04ae15eada68",
                "sha256:fba85b6cd9c39be262fcd23865652920832b61583de2a2ca907dbd8e8a8c81e5"
            ],
            "markers": "python_version >= '3.5'",
            "version": "==6.1"
        },
        "tzdata": {
            "hashes": [
                "sha256:74da81ecf2b3887c94e53fc1d466d4362aaf8b26fc87cda18f22004544694583",
                "sha256:ada9133fbd561e6ec3d1674d3fba50251636e918aa97bd59d63735bef5a513bb"
            ],
            "markers": "python_version >= '3.6'",
            "version": "==2022.4"
        },
        "tzlocal": {
            "hashes": [
                "sha256:89885494684c929d9191c57aa27502afc87a579be5cdd3225c77c463ea043745",
                "sha256:ee5842fa3a795f023514ac2d801c4a81d1743bbe642e3940143326b3a00addd7"
            ],
            "markers": "python_version >= '3.6'",
            "version": "==4.2"
        },
        "ujson": {
            "hashes": [
                "sha256:0762a4fdf86e01f3f8d8b6b7158d01fdd870799ff3f402b676e358fcd879e7eb",
                "sha256:10095160dbe6bba8059ad6677a01da251431f4c68041bf796dcac0956b34f8f7",
                "sha256:1a485117f97312bef45f5d79d2ff97eff4da503b8a04f3691f59d31141686459",
                "sha256:1cef44ea4973344baed3d50a5da4a8843de3a6af7dea7fadf0a594e53ce5892f",
                "sha256:1dc2f46c31ef22b0aaa28cd71be897bea271e700636658d573df9c43c49ebbd0",
                "sha256:21678d7e068707e4d54bdfeb8c250ebc548b51e499aed778b22112ca31a79669",
                "sha256:278aa9d7cb56435c96d19f5d702e026bcf69f824e24b41e9b52706abd3565837",
                "sha256:2ab011e3556a9a1d9461bd686870c527327765ed02fe53550531d6609a8a33ff",
                "sha256:2d90414e3b4b44b39825049185959488e084ea7fcaf6124afd5c00893938b09d",
                "sha256:2e506ecf89b6b9d304362ccef770831ec242a52c89dab1b4aabf1ab0eb1d5ed6",
                "sha256:33cd9084fefc74cbacf88c92fd260b61211e00bcde38d640c369e5dc34a2b4e1",
                "sha256:3b74467564814fbce322427a5664e6bcc7dae6dbc8acbef76300fe43ca4072ab",
                "sha256:3f3f4240d99d55eb97cb012e9adf401f5ed9cd827af0341ac44603832202b0d2",
                "sha256:3fe1aea596f9539fc20cd9e52f098c842afc090168824fd4ca9744fe13151a03",
                "sha256:4a8cb3c8637006c5bd8237ebb5992a76ba06e39988ad5cff2096227443e8fd6a",
                "sha256:4ef4ab8352861b99bd7fedb1fc6df3ea7f7d5216c789ba6d859e4ea06f1a4c45",
                "sha256:5035bb997d163f346c22abcec75190e7e756a5349e7c708bd3d5fd7066a9a854",
                "sha256:593a0f6fb0e186c5ba65465ed6f6215a30d1efa898c25e74de1c8577a1bff6d0",
                "sha256:59cdcd934385f36e8bd76aedc234371cc75c848d95bdce804ac8aa8744cfeffa",
                "sha256:5a9b1320d8363a42d857fae8065a2174d38217cdd58cd8dc4f48d54e0591271e",
                "sha256:5f9681ec4c60d0da590552427d770636d9079038c30b265f507ccde23caa7823",
                "sha256:5fd797a4837ba10671954e7c09010cec7aca67e09d193f4920a16beea5f66f65",
                "sha256:6019e3480d933d3698f2ecb4b46d64bfadd64e718f04fac36e681f3254b49a93",
                "sha256:603607f56a0ee84d9cd2c7e9b1d29b18a70684b94ee34f07b9ffe8dc9c8a9f81",
                "sha256:60a4b481978ea2aad8fe8af1ecc271624d01b3cf4b09e9b643dd2fe19c07634c",
                "sha256:6b9812638d7aa8ecda2e8e1513fb4da999249603bffab7439a5f8f0bb362b0db",
                "sha256:6c7ae6e0778ab9610f5e80e0595957d101ab8de18c32a8c053a19943ef4831d0",
                "sha256:6f83be8257b2f2dd6dea5ee62cd28db90584da7a7af1fba77a2102fc7943638a",
                "sha256:701e81e047f5c0cffd4ac828efca68b0bd270c616654966a051e9a5f836b385e",
                "sha256:703fd69d9cb21d6ec2086789df9be2cf8140a76ff127050c24007ea8940dcd3b",
                "sha256:7471d4486f23518cff343f1eec6c68d1b977ed74c3e6cc3e1ac896b9b7d68645",
                "sha256:765d46f3d5e7a1d48075035e2d1a9164f683e3fccde834ca04602e6c588835bc",
                "sha256:7a09d203983104918c62f2eef9406f24c355511f9217967df23e70fa7f5b54ff",
                "sha256:7c20cc83b0df47129ec6ed8a47fa7dcfc309c5bad029464004162738502568bb",
                "sha256:7d7cfac2547c93389fa303fc0c0eb6698825564e8389c41c9b60009c746207b6",
                "sha256:7d87c817b292efb748f1974f37e8bb8a8772ef92f05f84e507159360814bcc3f",
                "sha256:8141f654432cf75144d6103bfac2286b8adf23467201590b173a74535d6be22d",
                "sha256:849f2ff40264152f25589cb48ddb4a43d14db811f841ec73989bfc0c8c4853fa",
                "sha256:880c84ce59f49776cf120f77e7ca04877c97c6887917078dbc369eb47004d7cf",
                "sha256:94874584b733a18b310b0e954d53168e62cd4a0fd9db85b1903f0902a7eb33e8",
                "sha256:95603eff711b8f3b9596e1c961dbeb745a792ba1904141612f194e07edd71e5f",
                "sha256:9585892091ae86045135d6a6129a644142d6a51b23e1428bb5de6d10bc0ce0c7",
                "sha256:977bf5be704a88d46bf5b228df8b44521b1f3119d741062191608b3a6a38f224",
                "sha256:9cdc46859024501c20ab74ad542cdf2f08b94b5ce384f2f569483fa3ed926d04",
                "sha256:a34a5f034b339f69ef7f6a134c22d04b92e07b6ddc1dd65382e7e4ec65d6437d",
                "sha256:a655f7b755cfc5c07f2116b6dcf0ba148c89adef9a6d40c1b0f1fada878c4345",
                "sha256:a7d12f2d2df195c8c4e49d2cdbad640353a856c62ca2c624d8b47aa33b65a2a2",
                "sha256:abfe83e082c9208891e2158c1b5044a650ecec408b823bf6bf16cd7f8085cafa",
                "sha256:b25077a971c7da47bd6846a912a747f6963776d90720c88603b1b55d81790780",
                "sha256:bf416a93e1331820c77e3429df26946dbd4fe105e9b487cd2d1b7298b75784a8",
                "sha256:c04ae27e076d81a3839047d8eed57c1e17e361640616fd520d752375e3ba8f0c",
                "sha256:d5bea13c73f36c4346808df3fa806596163a7962b6d28001ca2a391cab856089",
                "sha256:d75bef34e69e7effb7b4849e3f830e3174d2cc6ec7273503fdde111c222dc9b3",
                "sha256:d93940664a5ccfd79f72dcb939b0c31a3479889f14f0eb95ec52976f8c0cae7d",
                "sha256:d9c89c521dc90c7564358e525f849b93ad1d710553c1491f66b8cce8113bc901",
                "sha256:e0b36257dc90194784531c3b922d8d31fb2b4d8e5adfd27aff4eee7174176365",
                "sha256:e1135264bcd40965cd35b0869e36952f54825024befdc7a923df9a7d83cfd800",
                "sha256:e510d288e613d6927796dfb728e13e4530fc83b9ccac5888a21f7860486eab21",
                "sha256:ee9a2c9a4b2421e77f8fe33ed0621dea03c66c710707553020b1e32f3afb6240",
                "sha256:f19f11055ba2961eb39bdb1ff15763a53fca4fa0b5b624da3c7a528e83cdd09c",
                "sha256:f26544bc10c83a2ff9aa2e093500c1b473f327faae31fb468d591e5823333376",
                "sha256:f4875cafc9a6482c04c7df52a725d1c41beb74913c0ff4ec8f189f1954a2afe9",
                "sha256:f5179088ef6487c475604b7898731a6ddeeada7702cfb2162155b016703a8475",
                "sha256:f63d1ae1ca17bb2c847e298c7bcf084a73d56d434b4c50509fb93a4b4300b0b2",
                "sha256:ff4928dc1e9704b567171c16787238201fdbf023665573c12c02146fe1e02eec"
            ],
            "index": "pypi",
            "version": "==5.5.0"
        }
    },
    "develop": {
        "attrs": {
            "hashes": [
                "sha256:29adc2665447e5191d0e7c568fde78b21f9672d344281d0c6e1ab085429b22b6",
                "sha256:86efa402f67bf2df34f51a335487cf46b1ec130d02b8d39fd248abfd30da551c"
            ],
            "markers": "python_version >= '3.5'",
            "version": "==22.1.0"
        },
        "cfgv": {
            "hashes": [
                "sha256:c6a0883f3917a037485059700b9e75da2464e6c27051014ad85ba6aaa5884426",
                "sha256:f5a830efb9ce7a445376bb66ec94c638a9787422f96264c98edc6bdeed8ab736"
            ],
            "markers": "python_full_version >= '3.6.1'",
            "version": "==3.3.1"
        },
        "distlib": {
            "hashes": [
                "sha256:14bad2d9b04d3a36127ac97f30b12a19268f211063d8f8ee4f47108896e11b46",
                "sha256:f35c4b692542ca110de7ef0bea44d73981caeb34ca0b9b6b2e6d7790dda8f80e"
            ],
            "version": "==0.3.6"
        },
        "filelock": {
            "hashes": [
                "sha256:55447caa666f2198c5b6b13a26d2084d26fa5b115c00d065664b2124680c4edc",
                "sha256:617eb4e5eedc82fc5f47b6d61e4d11cb837c56cb4544e39081099fa17ad109d4"
            ],
            "markers": "python_version >= '3.7'",
            "version": "==3.8.0"
        },
        "identify": {
            "hashes": [
                "sha256:6c32dbd747aa4ceee1df33f25fed0b0f6e0d65721b15bd151307ff7056d50245",
                "sha256:b276db7ec52d7e89f5bc4653380e33054ddc803d25875952ad90b0f012cbcdaa"
            ],
            "markers": "python_version >= '3.7'",
            "version": "==2.5.6"
        },
        "iniconfig": {
            "hashes": [
                "sha256:011e24c64b7f47f6ebd835bb12a743f2fbe9a26d4cecaa7f53bc4f35ee9da8b3",
                "sha256:bc3af051d7d14b2ee5ef9969666def0cd1a000e121eaea580d4a313df4b37f32"
            ],
            "version": "==1.1.1"
        },
        "mypy": {
            "hashes": [
                "sha256:1021c241e8b6e1ca5a47e4d52601274ac078a89845cfde66c6d5f769819ffa1d",
                "sha256:14d53cdd4cf93765aa747a7399f0961a365bcddf7855d9cef6306fa41de01c24",
                "sha256:175f292f649a3af7082fe36620369ffc4661a71005aa9f8297ea473df5772046",
                "sha256:26ae64555d480ad4b32a267d10cab7aec92ff44de35a7cd95b2b7cb8e64ebe3e",
                "sha256:41fd1cf9bc0e1c19b9af13a6580ccb66c381a5ee2cf63ee5ebab747a4badeba3",
                "sha256:5085e6f442003fa915aeb0a46d4da58128da69325d8213b4b35cc7054090aed5",
                "sha256:58f27ebafe726a8e5ccb58d896451dd9a662a511a3188ff6a8a6a919142ecc20",
                "sha256:6389af3e204975d6658de4fb8ac16f58c14e1bacc6142fee86d1b5b26aa52bda",
                "sha256:724d36be56444f569c20a629d1d4ee0cb0ad666078d59bb84f8f887952511ca1",
                "sha256:75838c649290d83a2b83a88288c1eb60fe7a05b36d46cbea9d22efc790002146",
                "sha256:7b35ce03a289480d6544aac85fa3674f493f323d80ea7226410ed065cd46f206",
                "sha256:85f7a343542dc8b1ed0a888cdd34dca56462654ef23aa673907305b260b3d746",
                "sha256:86ebe67adf4d021b28c3f547da6aa2cce660b57f0432617af2cca932d4d378a6",
                "sha256:8ee8c2472e96beb1045e9081de8e92f295b89ac10c4109afdf3a23ad6e644f3e",
                "sha256:91781eff1f3f2607519c8b0e8518aad8498af1419e8442d5d0afb108059881fc",
                "sha256:a692a8e7d07abe5f4b2dd32d731812a0175626a90a223d4b58f10f458747dd8a",
                "sha256:a705a93670c8b74769496280d2fe6cd59961506c64f329bb179970ff1d24f9f8",
                "sha256:c6e564f035d25c99fd2b863e13049744d96bd1947e3d3d2f16f5828864506763",
                "sha256:cebca7fd333f90b61b3ef7f217ff75ce2e287482206ef4a8b18f32b49927b1a2",
                "sha256:d6af646bd46f10d53834a8e8983e130e47d8ab2d4b7a97363e35b24e1d588947",
                "sha256:e7aeaa763c7ab86d5b66ff27f68493d672e44c8099af636d433a7f3fa5596d40",
                "sha256:eaa97b9ddd1dd9901a22a879491dbb951b5dec75c3b90032e2baa7336777363b",
                "sha256:eb7a068e503be3543c4bd329c994103874fa543c1727ba5288393c21d912d795",
                "sha256:f793e3dd95e166b66d50e7b63e69e58e88643d80a3dcc3bcd81368e0478b089c"
            ],
            "index": "pypi",
            "version": "==0.982"
        },
        "mypy-extensions": {
            "hashes": [
                "sha256:090fedd75945a69ae91ce1303b5824f428daf5a028d2f6ab8a299250a846f15d",
                "sha256:2d82818f5bb3e369420cb3c4060a7970edba416647068eb4c5343488a6c604a8"
            ],
            "version": "==0.4.3"
        },
        "nodeenv": {
            "hashes": [
                "sha256:27083a7b96a25f2f5e1d8cb4b6317ee8aeda3bdd121394e5ac54e498028a042e",
                "sha256:e0e7f7dfb85fc5394c6fe1e8fa98131a2473e04311a45afb6508f7cf1836fa2b"
            ],
            "markers": "python_version >= '2.7' and python_version not in '3.0, 3.1, 3.2, 3.3, 3.4, 3.5, 3.6'",
            "version": "==1.7.0"
        },
        "packaging": {
            "hashes": [
                "sha256:dd47c42927d89ab911e606518907cc2d3a1f38bbd026385970643f9c5b8ecfeb",
                "sha256:ef103e05f519cdc783ae24ea4e2e0f508a9c99b2d4969652eed6a2e1ea5bd522"
            ],
            "markers": "python_version >= '3.6'",
            "version": "==21.3"
        },
        "platformdirs": {
            "hashes": [
                "sha256:027d8e83a2d7de06bbac4e5ef7e023c02b863d7ea5d079477e722bb41ab25788",
                "sha256:58c8abb07dcb441e6ee4b11d8df0ac856038f944ab98b7be6b27b2a3c7feef19"
            ],
            "markers": "python_version >= '3.7'",
            "version": "==2.5.2"
        },
        "pluggy": {
            "hashes": [
                "sha256:4224373bacce55f955a878bf9cfa763c1e360858e330072059e10bad68531159",
                "sha256:74134bbf457f031a36d68416e1509f34bd5ccc019f0bcc952c7b909d06b37bd3"
            ],
            "markers": "python_version >= '3.6'",
            "version": "==1.0.0"
        },
        "pre-commit": {
            "hashes": [
                "sha256:51a5ba7c480ae8072ecdb6933df22d2f812dc897d5fe848778116129a681aac7",
                "sha256:a978dac7bc9ec0bcee55c18a277d553b0f419d259dadb4b9418ff2d00eb43959"
            ],
            "index": "pypi",
            "version": "==2.20.0"
        },
        "py": {
            "hashes": [
                "sha256:51c75c4126074b472f746a24399ad32f6053d1b34b68d2fa41e558e6f4a98719",
                "sha256:607c53218732647dff4acdfcd50cb62615cedf612e72d1724fb1a0cc6405b378"
            ],
            "markers": "python_version >= '2.7' and python_version not in '3.0, 3.1, 3.2, 3.3, 3.4'",
            "version": "==1.11.0"
        },
        "pyparsing": {
            "hashes": [
                "sha256:2b020ecf7d21b687f219b71ecad3631f644a47f01403fa1d1036b0c6416d70fb",
                "sha256:5026bae9a10eeaefb61dab2f09052b9f4307d44aee4eda64b309723d8d206bbc"
            ],
            "markers": "python_full_version >= '3.6.8'",
            "version": "==3.0.9"
        },
        "pytest": {
            "hashes": [
                "sha256:1377bda3466d70b55e3f5cecfa55bb7cfcf219c7964629b967c37cf0bda818b7",
                "sha256:4f365fec2dff9c1162f834d9f18af1ba13062db0c708bf7b946f8a5c76180c39"
            ],
            "index": "pypi",
            "version": "==7.1.3"
        },
        "pytest-mock": {
            "hashes": [
                "sha256:f4c973eeae0282963eb293eb173ce91b091a79c1334455acfac9ddee8a1c784b",
                "sha256:fbbdb085ef7c252a326fd8cdcac0aa3b1333d8811f131bdcc701002e1be7ed4f"
            ],
            "index": "pypi",
            "version": "==3.10.0"
        },
        "pyyaml": {
            "hashes": [
                "sha256:01b45c0191e6d66c470b6cf1b9531a771a83c1c4208272ead47a3ae4f2f603bf",
                "sha256:0283c35a6a9fbf047493e3a0ce8d79ef5030852c51e9d911a27badfde0605293",
                "sha256:055d937d65826939cb044fc8c9b08889e8c743fdc6a32b33e2390f66013e449b",
                "sha256:07751360502caac1c067a8132d150cf3d61339af5691fe9e87803040dbc5db57",
                "sha256:0b4624f379dab24d3725ffde76559cff63d9ec94e1736b556dacdfebe5ab6d4b",
                "sha256:0ce82d761c532fe4ec3f87fc45688bdd3a4c1dc5e0b4a19814b9009a29baefd4",
                "sha256:1e4747bc279b4f613a09eb64bba2ba602d8a6664c6ce6396a4d0cd413a50ce07",
                "sha256:213c60cd50106436cc818accf5baa1aba61c0189ff610f64f4a3e8c6726218ba",
                "sha256:231710d57adfd809ef5d34183b8ed1eeae3f76459c18fb4a0b373ad56bedcdd9",
                "sha256:277a0ef2981ca40581a47093e9e2d13b3f1fbbeffae064c1d21bfceba2030287",
                "sha256:2cd5df3de48857ed0544b34e2d40e9fac445930039f3cfe4bcc592a1f836d513",
                "sha256:40527857252b61eacd1d9af500c3337ba8deb8fc298940291486c465c8b46ec0",
                "sha256:432557aa2c09802be39460360ddffd48156e30721f5e8d917f01d31694216782",
                "sha256:473f9edb243cb1935ab5a084eb238d842fb8f404ed2193a915d1784b5a6b5fc0",
                "sha256:48c346915c114f5fdb3ead70312bd042a953a8ce5c7106d5bfb1a5254e47da92",
                "sha256:50602afada6d6cbfad699b0c7bb50d5ccffa7e46a3d738092afddc1f9758427f",
                "sha256:68fb519c14306fec9720a2a5b45bc9f0c8d1b9c72adf45c37baedfcd949c35a2",
                "sha256:77f396e6ef4c73fdc33a9157446466f1cff553d979bd00ecb64385760c6babdc",
                "sha256:81957921f441d50af23654aa6c5e5eaf9b06aba7f0a19c18a538dc7ef291c5a1",
                "sha256:819b3830a1543db06c4d4b865e70ded25be52a2e0631ccd2f6a47a2822f2fd7c",
                "sha256:897b80890765f037df3403d22bab41627ca8811ae55e9a722fd0392850ec4d86",
                "sha256:98c4d36e99714e55cfbaaee6dd5badbc9a1ec339ebfc3b1f52e293aee6bb71a4",
                "sha256:9df7ed3b3d2e0ecfe09e14741b857df43adb5a3ddadc919a2d94fbdf78fea53c",
                "sha256:9fa600030013c4de8165339db93d182b9431076eb98eb40ee068700c9c813e34",
                "sha256:a80a78046a72361de73f8f395f1f1e49f956c6be882eed58505a15f3e430962b",
                "sha256:afa17f5bc4d1b10afd4466fd3a44dc0e245382deca5b3c353d8b757f9e3ecb8d",
                "sha256:b3d267842bf12586ba6c734f89d1f5b871df0273157918b0ccefa29deb05c21c",
                "sha256:b5b9eccad747aabaaffbc6064800670f0c297e52c12754eb1d976c57e4f74dcb",
                "sha256:bfaef573a63ba8923503d27530362590ff4f576c626d86a9fed95822a8255fd7",
                "sha256:c5687b8d43cf58545ade1fe3e055f70eac7a5a1a0bf42824308d868289a95737",
                "sha256:cba8c411ef271aa037d7357a2bc8f9ee8b58b9965831d9e51baf703280dc73d3",
                "sha256:d15a181d1ecd0d4270dc32edb46f7cb7733c7c508857278d3d378d14d606db2d",
                "sha256:d4b0ba9512519522b118090257be113b9468d804b19d63c71dbcf4a48fa32358",
                "sha256:d4db7c7aef085872ef65a8fd7d6d09a14ae91f691dec3e87ee5ee0539d516f53",
                "sha256:d4eccecf9adf6fbcc6861a38015c2a64f38b9d94838ac1810a9023a0609e1b78",
                "sha256:d67d839ede4ed1b28a4e8909735fc992a923cdb84e618544973d7dfc71540803",
                "sha256:daf496c58a8c52083df09b80c860005194014c3698698d1a57cbcfa182142a3a",
                "sha256:dbad0e9d368bb989f4515da330b88a057617d16b6a8245084f1b05400f24609f",
                "sha256:e61ceaab6f49fb8bdfaa0f92c4b57bcfbea54c09277b1b4f7ac376bfb7a7c174",
                "sha256:f84fbc98b019fef2ee9a1cb3ce93e3187a6df0b2538a651bfb890254ba9f90b5"
            ],
            "markers": "python_version >= '3.6'",
            "version": "==6.0"
        },
        "setuptools": {
            "hashes": [
                "sha256:1b6bdc6161661409c5f21508763dc63ab20a9ac2f8ba20029aaaa7fdb9118012",
                "sha256:3050e338e5871e70c72983072fe34f6032ae1cdeeeb67338199c2f74e083a80e"
            ],
            "markers": "python_version >= '3.7'",
            "version": "==65.4.1"
        },
        "toml": {
            "hashes": [
                "sha256:806143ae5bfb6a3c6e736a764057db0e6a0e05e338b5630894a5f779cabb4f9b",
                "sha256:b3bda1d108d5dd99f4a20d24d9c348e91c4db7ab1b749200bded2f839ccbe68f"
            ],
            "markers": "python_version >= '2.6' and python_version not in '3.0, 3.1, 3.2, 3.3'",
            "version": "==0.10.2"
        },
        "tomli": {
            "hashes": [
                "sha256:939de3e7a6161af0c887ef91b7d41a53e7c5a1ca976325f429cb46ea9bc30ecc",
                "sha256:de526c12914f0c550d15924c62d72abc48d6fe7364aa87328337a31007fe8a4f"
            ],
            "markers": "python_version < '3.11'",
            "version": "==2.0.1"
        },
        "typing-extensions": {
            "hashes": [
                "sha256:1511434bb92bf8dd198c12b1cc812e800d4181cfcb867674e0f8279cc93087aa",
                "sha256:16fa4864408f655d35ec496218b85f79b3437c829e93320c7c9215ccfd92489e"
            ],
            "markers": "python_version >= '3.7'",
            "version": "==4.4.0"
        },
        "virtualenv": {
            "hashes": [
                "sha256:227ea1b9994fdc5ea31977ba3383ef296d7472ea85be9d6732e42a91c04e80da",
                "sha256:d07dfc5df5e4e0dbc92862350ad87a36ed505b978f6c39609dc489eadd5b0d27"
            ],
            "markers": "python_version >= '3.6'",
            "version": "==20.16.5"
        }
    }
}
